
Microsoft Visual Studio Solution File, Format Version 12.00
# Visual Studio for Mac
Project("{FAE04EC0-301F-11D3-BF4B-00C04F79EFBC}") = "VuforiaScripts", "VuforiaScripts.csproj", "{0A57155B-5C4B-3F94-3FE8-9070929CDA84}"
EndProject
Project("{FAE04EC0-301F-11D3-BF4B-00C04F79EFBC}") = "Assembly-CSharp", "Assembly-CSharp.csproj", "{88F625BA-446F-3C9F-EDB7-8BD517D3B298}"
EndProject
Project("{FAE04EC0-301F-11D3-BF4B-00C04F79EFBC}") = "VuforiaEditorScripts", "VuforiaEditorScripts.csproj", "{14984D5D-1710-3298-B613-B31792D8D99C}"
EndProject
Global
	GlobalSection(SolutionConfigurationPlatforms) = preSolution
		Debug|Any CPU = Debug|Any CPU
		Release|Any CPU = Release|Any CPU
	EndGlobalSection
	GlobalSection(ProjectConfigurationPlatforms) = postSolution
		{0A57155B-5C4B-3F94-3FE8-9070929CDA84}.Debug|Any CPU.ActiveCfg = Debug|Any CPU
		{0A57155B-5C4B-3F94-3FE8-9070929CDA84}.Debug|Any CPU.Build.0 = Debug|Any CPU
		{0A57155B-5C4B-3F94-3FE8-9070929CDA84}.Release|Any CPU.ActiveCfg = Release|Any CPU
		{0A57155B-5C4B-3F94-3FE8-9070929CDA84}.Release|Any CPU.Build.0 = Release|Any CPU
		{88F625BA-446F-3C9F-EDB7-8BD517D3B298}.Debug|Any CPU.ActiveCfg = Debug|Any CPU
		{88F625BA-446F-3C9F-EDB7-8BD517D3B298}.Debug|Any CPU.Build.0 = Debug|Any CPU
		{88F625BA-446F-3C9F-EDB7-8BD517D3B298}.Release|Any CPU.ActiveCfg = Release|Any CPU
		{88F625BA-446F-3C9F-EDB7-8BD517D3B298}.Release|Any CPU.Build.0 = Release|Any CPU
		{14984D5D-1710-3298-B613-B31792D8D99C}.Debug|Any CPU.ActiveCfg = Debug|Any CPU
		{14984D5D-1710-3298-B613-B31792D8D99C}.Debug|Any CPU.Build.0 = Debug|Any CPU
		{14984D5D-1710-3298-B613-B31792D8D99C}.Release|Any CPU.ActiveCfg = Release|Any CPU
		{14984D5D-1710-3298-B613-B31792D8D99C}.Release|Any CPU.Build.0 = Release|Any CPU
	EndGlobalSection
	GlobalSection(SolutionProperties) = preSolution
		HideSolutionNode = FALSE
	EndGlobalSection
EndGlobal
