
Microsoft Visual Studio Solution File, Format Version 12.00
# Visual Studio for Mac
Project("{FAE04EC0-301F-11D3-BF4B-00C04F79EFBC}") = "VuforiaScripts", "VuforiaScripts.csproj", "{E86082A7-40E5-CE71-1E1E-CAE317EC3A50}"
EndProject
Project("{FAE04EC0-301F-11D3-BF4B-00C04F79EFBC}") = "Assembly-CSharp", "Assembly-CSharp.csproj", "{78D56018-0CEA-447C-A720-EC7823A06E50}"
EndProject
Project("{FAE04EC0-301F-11D3-BF4B-00C04F79EFBC}") = "VuforiaEditorScripts", "VuforiaEditorScripts.csproj", "{7094CD49-59E1-C7FE-AB84-8B4974F8B5D5}"
EndProject
Global
	GlobalSection(SolutionConfigurationPlatforms) = preSolution
		Debug|Any CPU = Debug|Any CPU
		Release|Any CPU = Release|Any CPU
	EndGlobalSection
	GlobalSection(ProjectConfigurationPlatforms) = postSolution
		{E86082A7-40E5-CE71-1E1E-CAE317EC3A50}.Debug|Any CPU.ActiveCfg = Debug|Any CPU
		{E86082A7-40E5-CE71-1E1E-CAE317EC3A50}.Debug|Any CPU.Build.0 = Debug|Any CPU
		{E86082A7-40E5-CE71-1E1E-CAE317EC3A50}.Release|Any CPU.ActiveCfg = Release|Any CPU
		{E86082A7-40E5-CE71-1E1E-CAE317EC3A50}.Release|Any CPU.Build.0 = Release|Any CPU
		{78D56018-0CEA-447C-A720-EC7823A06E50}.Debug|Any CPU.ActiveCfg = Debug|Any CPU
		{78D56018-0CEA-447C-A720-EC7823A06E50}.Debug|Any CPU.Build.0 = Debug|Any CPU
		{78D56018-0CEA-447C-A720-EC7823A06E50}.Release|Any CPU.ActiveCfg = Release|Any CPU
		{78D56018-0CEA-447C-A720-EC7823A06E50}.Release|Any CPU.Build.0 = Release|Any CPU
		{7094CD49-59E1-C7FE-AB84-8B4974F8B5D5}.Debug|Any CPU.ActiveCfg = Debug|Any CPU
		{7094CD49-59E1-C7FE-AB84-8B4974F8B5D5}.Debug|Any CPU.Build.0 = Debug|Any CPU
		{7094CD49-59E1-C7FE-AB84-8B4974F8B5D5}.Release|Any CPU.ActiveCfg = Release|Any CPU
		{7094CD49-59E1-C7FE-AB84-8B4974F8B5D5}.Release|Any CPU.Build.0 = Release|Any CPU
	EndGlobalSection
	GlobalSection(SolutionProperties) = preSolution
		HideSolutionNode = FALSE
	EndGlobalSection
EndGlobal
